
Microsoft Visual Studio Solution File, Format Version 12.00
# Visual Studio Version 16
VisualStudioVersion = 16.0.31112.23
MinimumVisualStudioVersion = 10.0.40219.1
Project("{FAE04EC0-301F-11D3-BF4B-00C04F79EFBC}") = "Bsp01", "Bsp01\Bsp01.csproj", "{1659FC50-EECE-46E0-A3FE-5595D5DA2C66}"
EndProject
Project("{FAE04EC0-301F-11D3-BF4B-00C04F79EFBC}") = "Bsp02", "Bsp02\Bsp02.csproj", "{4799A9FF-4094-4890-912D-CD4D684F99A1}"
EndProject
Project("{FAE04EC0-301F-11D3-BF4B-00C04F79EFBC}") = "Bsp03", "Bsp03\Bsp03.csproj", "{C2AD1D8C-8C5B-4BDF-8C13-0D0E76EEBB00}"
EndProject
Project("{FAE04EC0-301F-11D3-BF4B-00C04F79EFBC}") = "Bsp04", "Bsp04\Bsp04.csproj", "{CF4E0C2D-EEC2-4EBD-980C-805533DAEF52}"
EndProject
Project("{FAE04EC0-301F-11D3-BF4B-00C04F79EFBC}") = "Bsp05", "Bsp05\Bsp05.csproj", "{CCC10A7C-D337-4956-8C82-3F11221D513B}"
EndProject
Project("{FAE04EC0-301F-11D3-BF4B-00C04F79EFBC}") = "Bsp06", "Bsp06\Bsp06.csproj", "{DE4C23BF-3F5F-40D0-91E8-4A64F0549EFD}"
EndProject
Project("{FAE04EC0-301F-11D3-BF4B-00C04F79EFBC}") = "Bsp07", "Bsp07\Bsp07.csproj", "{B368FEC9-F84B-4D33-9B0D-2190BFD4EC0B}"
EndProject
Project("{FAE04EC0-301F-11D3-BF4B-00C04F79EFBC}") = "Bsp08", "Bsp08\Bsp08.csproj", "{A3886BD3-040A-49B1-8ED9-CA2FDB1CC431}"
EndProject
Project("{FAE04EC0-301F-11D3-BF4B-00C04F79EFBC}") = "Bsp09WinForm", "Bsp09WinForm\Bsp09WinForm.csproj", "{588BB143-8221-455A-8FA8-5567C240FF6C}"
EndProject
Project("{FAE04EC0-301F-11D3-BF4B-00C04F79EFBC}") = "Bsp10", "Bsp10\Bsp10.csproj", "{770114DD-51FF-42A6-AD94-EE470C29B56F}"
EndProject
Project("{FAE04EC0-301F-11D3-BF4B-00C04F79EFBC}") = "Bsp11", "Bsp11\Bsp11.csproj", "{074CADC0-22D1-495E-8CFD-69CD09EAC1EA}"
EndProject
Project("{FAE04EC0-301F-11D3-BF4B-00C04F79EFBC}") = "Bsp12", "Bsp12\Bsp12.csproj", "{11FB3097-C716-470E-8FEB-475D8762D0B2}"
EndProject
Project("{FAE04EC0-301F-11D3-BF4B-00C04F79EFBC}") = "Bsp13", "Bsp13\Bsp13.csproj", "{4CE9AD84-68D9-48DC-AB7B-C7EE749F8826}"
EndProject
Project("{FAE04EC0-301F-11D3-BF4B-00C04F79EFBC}") = "Bsp14", "Bsp14\Bsp14.csproj", "{91453BBF-1766-41EB-A1F3-190BE7FC39BE}"
EndProject
Project("{FAE04EC0-301F-11D3-BF4B-00C04F79EFBC}") = "Bsp15", "Bsp15\Bsp15.csproj", "{2EF1DF33-A597-41F9-9F88-F084283055BE}"
EndProject
Project("{FAE04EC0-301F-11D3-BF4B-00C04F79EFBC}") = "Bsp16", "Bsp16\Bsp16.csproj", "{7343DCAB-223F-4810-936B-51BEE09D4A37}"
EndProject
Project("{FAE04EC0-301F-11D3-BF4B-00C04F79EFBC}") = "Bsp17", "Bsp17\Bsp17.csproj", "{8F7FDA4C-4078-4A93-896A-3DF6A02CAEAB}"
EndProject
Project("{FAE04EC0-301F-11D3-BF4B-00C04F79EFBC}") = "Bsp18", "Bsp18\Bsp18.csproj", "{B3453B84-653B-467C-A138-27C8E5A48999}"
EndProject
Project("{FAE04EC0-301F-11D3-BF4B-00C04F79EFBC}") = "Bsp19", "Bsp19\Bsp19.csproj", "{CDCF5096-5107-43D0-AEFE-F9B57EE11DF2}"
EndProject
Project("{FAE04EC0-301F-11D3-BF4B-00C04F79EFBC}") = "Bsp20", "Bsp20\Bsp20.csproj", "{8242BE7A-B9F6-4FE7-BB33-F43651F1E830}"
EndProject
Project("{FAE04EC0-301F-11D3-BF4B-00C04F79EFBC}") = "Bsp21", "Bsp21\Bsp21.csproj", "{2C0831C9-816E-4964-BB13-AC8DD6F50D40}"
EndProject
Project("{FAE04EC0-301F-11D3-BF4B-00C04F79EFBC}") = "Bsp22", "Bsp22\Bsp22.csproj", "{8943BAC4-95E4-424F-950F-E6F311E210DD}"
EndProject
Project("{FAE04EC0-301F-11D3-BF4B-00C04F79EFBC}") = "Bsp24", "Bsp24\Bsp24.csproj", "{AC0048E4-FE82-4914-8CD4-931018CEA2D5}"
EndProject
Global
	GlobalSection(SolutionConfigurationPlatforms) = preSolution
		Debug|Any CPU = Debug|Any CPU
		Release|Any CPU = Release|Any CPU
	EndGlobalSection
	GlobalSection(ProjectConfigurationPlatforms) = postSolution
		{1659FC50-EECE-46E0-A3FE-5595D5DA2C66}.Debug|Any CPU.ActiveCfg = Debug|Any CPU
		{1659FC50-EECE-46E0-A3FE-5595D5DA2C66}.Debug|Any CPU.Build.0 = Debug|Any CPU
		{1659FC50-EECE-46E0-A3FE-5595D5DA2C66}.Release|Any CPU.ActiveCfg = Release|Any CPU
		{1659FC50-EECE-46E0-A3FE-5595D5DA2C66}.Release|Any CPU.Build.0 = Release|Any CPU
		{4799A9FF-4094-4890-912D-CD4D684F99A1}.Debug|Any CPU.ActiveCfg = Debug|Any CPU
		{4799A9FF-4094-4890-912D-CD4D684F99A1}.Debug|Any CPU.Build.0 = Debug|Any CPU
		{4799A9FF-4094-4890-912D-CD4D684F99A1}.Release|Any CPU.ActiveCfg = Release|Any CPU
		{4799A9FF-4094-4890-912D-CD4D684F99A1}.Release|Any CPU.Build.0 = Release|Any CPU
		{C2AD1D8C-8C5B-4BDF-8C13-0D0E76EEBB00}.Debug|Any CPU.ActiveCfg = Debug|Any CPU
		{C2AD1D8C-8C5B-4BDF-8C13-0D0E76EEBB00}.Debug|Any CPU.Build.0 = Debug|Any CPU
		{C2AD1D8C-8C5B-4BDF-8C13-0D0E76EEBB00}.Release|Any CPU.ActiveCfg = Release|Any CPU
		{C2AD1D8C-8C5B-4BDF-8C13-0D0E76EEBB00}.Release|Any CPU.Build.0 = Release|Any CPU
		{CF4E0C2D-EEC2-4EBD-980C-805533DAEF52}.Debug|Any CPU.ActiveCfg = Debug|Any CPU
		{CF4E0C2D-EEC2-4EBD-980C-805533DAEF52}.Debug|Any CPU.Build.0 = Debug|Any CPU
		{CF4E0C2D-EEC2-4EBD-980C-805533DAEF52}.Release|Any CPU.ActiveCfg = Release|Any CPU
		{CF4E0C2D-EEC2-4EBD-980C-805533DAEF52}.Release|Any CPU.Build.0 = Release|Any CPU
		{CCC10A7C-D337-4956-8C82-3F11221D513B}.Debug|Any CPU.ActiveCfg = Debug|Any CPU
		{CCC10A7C-D337-4956-8C82-3F11221D513B}.Debug|Any CPU.Build.0 = Debug|Any CPU
		{CCC10A7C-D337-4956-8C82-3F11221D513B}.Release|Any CPU.ActiveCfg = Release|Any CPU
		{CCC10A7C-D337-4956-8C82-3F11221D513B}.Release|Any CPU.Build.0 = Release|Any CPU
		{DE4C23BF-3F5F-40D0-91E8-4A64F0549EFD}.Debug|Any CPU.ActiveCfg = Debug|Any CPU
		{DE4C23BF-3F5F-40D0-91E8-4A64F0549EFD}.Debug|Any CPU.Build.0 = Debug|Any CPU
		{DE4C23BF-3F5F-40D0-91E8-4A64F0549EFD}.Release|Any CPU.ActiveCfg = Release|Any CPU
		{DE4C23BF-3F5F-40D0-91E8-4A64F0549EFD}.Release|Any CPU.Build.0 = Release|Any CPU
		{B368FEC9-F84B-4D33-9B0D-2190BFD4EC0B}.Debug|Any CPU.ActiveCfg = Debug|Any CPU
		{B368FEC9-F84B-4D33-9B0D-2190BFD4EC0B}.Debug|Any CPU.Build.0 = Debug|Any CPU
		{B368FEC9-F84B-4D33-9B0D-2190BFD4EC0B}.Release|Any CPU.ActiveCfg = Release|Any CPU
		{B368FEC9-F84B-4D33-9B0D-2190BFD4EC0B}.Release|Any CPU.Build.0 = Release|Any CPU
		{A3886BD3-040A-49B1-8ED9-CA2FDB1CC431}.Debug|Any CPU.ActiveCfg = Debug|Any CPU
		{A3886BD3-040A-49B1-8ED9-CA2FDB1CC431}.Debug|Any CPU.Build.0 = Debug|Any CPU
		{A3886BD3-040A-49B1-8ED9-CA2FDB1CC431}.Release|Any CPU.ActiveCfg = Release|Any CPU
		{A3886BD3-040A-49B1-8ED9-CA2FDB1CC431}.Release|Any CPU.Build.0 = Release|Any CPU
		{588BB143-8221-455A-8FA8-5567C240FF6C}.Debug|Any CPU.ActiveCfg = Debug|Any CPU
		{588BB143-8221-455A-8FA8-5567C240FF6C}.Debug|Any CPU.Build.0 = Debug|Any CPU
		{588BB143-8221-455A-8FA8-5567C240FF6C}.Release|Any CPU.ActiveCfg = Release|Any CPU
		{588BB143-8221-455A-8FA8-5567C240FF6C}.Release|Any CPU.Build.0 = Release|Any CPU
		{770114DD-51FF-42A6-AD94-EE470C29B56F}.Debug|Any CPU.ActiveCfg = Debug|Any CPU
		{770114DD-51FF-42A6-AD94-EE470C29B56F}.Debug|Any CPU.Build.0 = Debug|Any CPU
		{770114DD-51FF-42A6-AD94-EE470C29B56F}.Release|Any CPU.ActiveCfg = Release|Any CPU
		{770114DD-51FF-42A6-AD94-EE470C29B56F}.Release|Any CPU.Build.0 = Release|Any CPU
		{074CADC0-22D1-495E-8CFD-69CD09EAC1EA}.Debug|Any CPU.ActiveCfg = Debug|Any CPU
		{074CADC0-22D1-495E-8CFD-69CD09EAC1EA}.Debug|Any CPU.Build.0 = Debug|Any CPU
		{074CADC0-22D1-495E-8CFD-69CD09EAC1EA}.Release|Any CPU.ActiveCfg = Release|Any CPU
		{074CADC0-22D1-495E-8CFD-69CD09EAC1EA}.Release|Any CPU.Build.0 = Release|Any CPU
		{11FB3097-C716-470E-8FEB-475D8762D0B2}.Debug|Any CPU.ActiveCfg = Debug|Any CPU
		{11FB3097-C716-470E-8FEB-475D8762D0B2}.Debug|Any CPU.Build.0 = Debug|Any CPU
		{11FB3097-C716-470E-8FEB-475D8762D0B2}.Release|Any CPU.ActiveCfg = Release|Any CPU
		{11FB3097-C716-470E-8FEB-475D8762D0B2}.Release|Any CPU.Build.0 = Release|Any CPU
		{4CE9AD84-68D9-48DC-AB7B-C7EE749F8826}.Debug|Any CPU.ActiveCfg = Debug|Any CPU
		{4CE9AD84-68D9-48DC-AB7B-C7EE749F8826}.Debug|Any CPU.Build.0 = Debug|Any CPU
		{4CE9AD84-68D9-48DC-AB7B-C7EE749F8826}.Release|Any CPU.ActiveCfg = Release|Any CPU
		{4CE9AD84-68D9-48DC-AB7B-C7EE749F8826}.Release|Any CPU.Build.0 = Release|Any CPU
		{91453BBF-1766-41EB-A1F3-190BE7FC39BE}.Debug|Any CPU.ActiveCfg = Debug|Any CPU
		{91453BBF-1766-41EB-A1F3-190BE7FC39BE}.Debug|Any CPU.Build.0 = Debug|Any CPU
		{91453BBF-1766-41EB-A1F3-190BE7FC39BE}.Release|Any CPU.ActiveCfg = Release|Any CPU
		{91453BBF-1766-41EB-A1F3-190BE7FC39BE}.Release|Any CPU.Build.0 = Release|Any CPU
		{2EF1DF33-A597-41F9-9F88-F084283055BE}.Debug|Any CPU.ActiveCfg = Debug|Any CPU
		{2EF1DF33-A597-41F9-9F88-F084283055BE}.Debug|Any CPU.Build.0 = Debug|Any CPU
		{2EF1DF33-A597-41F9-9F88-F084283055BE}.Release|Any CPU.ActiveCfg = Release|Any CPU
		{2EF1DF33-A597-41F9-9F88-F084283055BE}.Release|Any CPU.Build.0 = Release|Any CPU
		{7343DCAB-223F-4810-936B-51BEE09D4A37}.Debug|Any CPU.ActiveCfg = Debug|Any CPU
		{7343DCAB-223F-4810-936B-51BEE09D4A37}.Debug|Any CPU.Build.0 = Debug|Any CPU
		{7343DCAB-223F-4810-936B-51BEE09D4A37}.Release|Any CPU.ActiveCfg = Release|Any CPU
		{7343DCAB-223F-4810-936B-51BEE09D4A37}.Release|Any CPU.Build.0 = Release|Any CPU
		{8F7FDA4C-4078-4A93-896A-3DF6A02CAEAB}.Debug|Any CPU.ActiveCfg = Debug|Any CPU
		{8F7FDA4C-4078-4A93-896A-3DF6A02CAEAB}.Debug|Any CPU.Build.0 = Debug|Any CPU
		{8F7FDA4C-4078-4A93-896A-3DF6A02CAEAB}.Release|Any CPU.ActiveCfg = Release|Any CPU
		{8F7FDA4C-4078-4A93-896A-3DF6A02CAEAB}.Release|Any CPU.Build.0 = Release|Any CPU
		{B3453B84-653B-467C-A138-27C8E5A48999}.Debug|Any CPU.ActiveCfg = Debug|Any CPU
		{B3453B84-653B-467C-A138-27C8E5A48999}.Debug|Any CPU.Build.0 = Debug|Any CPU
		{B3453B84-653B-467C-A138-27C8E5A48999}.Release|Any CPU.ActiveCfg = Release|Any CPU
		{B3453B84-653B-467C-A138-27C8E5A48999}.Release|Any CPU.Build.0 = Release|Any CPU
		{CDCF5096-5107-43D0-AEFE-F9B57EE11DF2}.Debug|Any CPU.ActiveCfg = Debug|Any CPU
		{CDCF5096-5107-43D0-AEFE-F9B57EE11DF2}.Debug|Any CPU.Build.0 = Debug|Any CPU
		{CDCF5096-5107-43D0-AEFE-F9B57EE11DF2}.Release|Any CPU.ActiveCfg = Release|Any CPU
		{CDCF5096-5107-43D0-AEFE-F9B57EE11DF2}.Release|Any CPU.Build.0 = Release|Any CPU
		{8242BE7A-B9F6-4FE7-BB33-F43651F1E830}.Debug|Any CPU.ActiveCfg = Debug|Any CPU
		{8242BE7A-B9F6-4FE7-BB33-F43651F1E830}.Debug|Any CPU.Build.0 = Debug|Any CPU
		{8242BE7A-B9F6-4FE7-BB33-F43651F1E830}.Release|Any CPU.ActiveCfg = Release|Any CPU
		{8242BE7A-B9F6-4FE7-BB33-F43651F1E830}.Release|Any CPU.Build.0 = Release|Any CPU
		{2C0831C9-816E-4964-BB13-AC8DD6F50D40}.Debug|Any CPU.ActiveCfg = Debug|Any CPU
		{2C0831C9-816E-4964-BB13-AC8DD6F50D40}.Debug|Any CPU.Build.0 = Debug|Any CPU
		{2C0831C9-816E-4964-BB13-AC8DD6F50D40}.Release|Any CPU.ActiveCfg = Release|Any CPU
		{2C0831C9-816E-4964-BB13-AC8DD6F50D40}.Release|Any CPU.Build.0 = Release|Any CPU
		{8943BAC4-95E4-424F-950F-E6F311E210DD}.Debug|Any CPU.ActiveCfg = Debug|Any CPU
		{8943BAC4-95E4-424F-950F-E6F311E210DD}.Debug|Any CPU.Build.0 = Debug|Any CPU
		{8943BAC4-95E4-424F-950F-E6F311E210DD}.Release|Any CPU.ActiveCfg = Release|Any CPU
		{8943BAC4-95E4-424F-950F-E6F311E210DD}.Release|Any CPU.Build.0 = Release|Any CPU
		{AC0048E4-FE82-4914-8CD4-931018CEA2D5}.Debug|Any CPU.ActiveCfg = Debug|Any CPU
		{AC0048E4-FE82-4914-8CD4-931018CEA2D5}.Debug|Any CPU.Build.0 = Debug|Any CPU
		{AC0048E4-FE82-4914-8CD4-931018CEA2D5}.Release|Any CPU.ActiveCfg = Release|Any CPU
		{AC0048E4-FE82-4914-8CD4-931018CEA2D5}.Release|Any CPU.Build.0 = Release|Any CPU
	EndGlobalSection
	GlobalSection(SolutionProperties) = preSolution
		HideSolutionNode = FALSE
	EndGlobalSection
	GlobalSection(ExtensibilityGlobals) = postSolution
		SolutionGuid = {CA7D44E6-3930-4E76-B34F-38E97069ACE8}
	EndGlobalSection
EndGlobal
